// !$*UTF8*$!
{
	archiveVersion = 1;
	classes = {
	};
	objectVersion = 46;
	objects = {

/* Begin PBXBuildFile section */
		3321D14D1E2144EC00093F89 /* QuartzCore.framework in Frameworks */ = {isa = PBXBuildFile; fileRef = 3321D14C1E2144EC00093F89 /* QuartzCore.framework */; };
		332543181DDF81B20009BDE9 /* Category.swift in Sources */ = {isa = PBXBuildFile; fileRef = 332543171DDF81B20009BDE9 /* Category.swift */; };
		3325431D1DDF91A90009BDE9 /* WebInterface.swift in Sources */ = {isa = PBXBuildFile; fileRef = 3325431C1DDF91A90009BDE9 /* WebInterface.swift */; };
		3325431F1DDF91EC0009BDE9 /* Web.swift in Sources */ = {isa = PBXBuildFile; fileRef = 3325431E1DDF91EC0009BDE9 /* Web.swift */; };
		333FC26D1E228FA4000F7A08 /* BookingFormViewController.swift in Sources */ = {isa = PBXBuildFile; fileRef = 333FC26C1E228FA4000F7A08 /* BookingFormViewController.swift */; };
		33525F521DBA6A0F00674133 /* RoundedButton.swift in Sources */ = {isa = PBXBuildFile; fileRef = 33525F511DBA6A0F00674133 /* RoundedButton.swift */; };
		33525F541DBA735500674133 /* ListViewController.swift in Sources */ = {isa = PBXBuildFile; fileRef = 33525F531DBA735500674133 /* ListViewController.swift */; };
		33525F561DBA7AE300674133 /* PlaceTableViewCell.swift in Sources */ = {isa = PBXBuildFile; fileRef = 33525F551DBA7AE300674133 /* PlaceTableViewCell.swift */; };
		33525F581DBA984E00674133 /* Booking.storyboard in Resources */ = {isa = PBXBuildFile; fileRef = 33525F571DBA984E00674133 /* Booking.storyboard */; };
		3358BE721DBA41EA00A02AA1 /* Login.storyboard in Resources */ = {isa = PBXBuildFile; fileRef = 3358BE711DBA41EA00A02AA1 /* Login.storyboard */; };
		3358BE741DBA477F00A02AA1 /* LoginViewController.swift in Sources */ = {isa = PBXBuildFile; fileRef = 3358BE731DBA477F00A02AA1 /* LoginViewController.swift */; };
		3358BE761DBA4BA800A02AA1 /* CustomTextField.swift in Sources */ = {isa = PBXBuildFile; fileRef = 3358BE751DBA4BA800A02AA1 /* CustomTextField.swift */; };
		3358BE781DBA4DF800A02AA1 /* RoundedView.swift in Sources */ = {isa = PBXBuildFile; fileRef = 3358BE771DBA4DF800A02AA1 /* RoundedView.swift */; };
		335A5C651E56640D001FAE35 /* UserNotifications.framework in Frameworks */ = {isa = PBXBuildFile; fileRef = 335A5C631E56640D001FAE35 /* UserNotifications.framework */; };
		335A5C661E56640D001FAE35 /* UserNotificationsUI.framework in Frameworks */ = {isa = PBXBuildFile; fileRef = 335A5C641E56640D001FAE35 /* UserNotificationsUI.framework */; };
		335AA6621DF7153700F72AE7 /* Place.swift in Sources */ = {isa = PBXBuildFile; fileRef = 335AA6611DF7153700F72AE7 /* Place.swift */; };
		3369CC341DB6BBD40029C1D1 /* CategoryTableViewCell.swift in Sources */ = {isa = PBXBuildFile; fileRef = 3369CC331DB6BBD40029C1D1 /* CategoryTableViewCell.swift */; };
		3369CC361DB6CC030029C1D1 /* PlaceDetailsViewController.swift in Sources */ = {isa = PBXBuildFile; fileRef = 3369CC351DB6CC030029C1D1 /* PlaceDetailsViewController.swift */; };
		33782E2C1E4CEB6200CDA7CD /* SettingsViewController.swift in Sources */ = {isa = PBXBuildFile; fileRef = 33782E2B1E4CEB6200CDA7CD /* SettingsViewController.swift */; };
		3382417A1E54B3ED002B0161 /* TermsAndConditionsViewController.swift in Sources */ = {isa = PBXBuildFile; fileRef = 338241791E54B3ED002B0161 /* TermsAndConditionsViewController.swift */; };
		338DE71E1D95393200CEC5C0 /* AppDelegate.swift in Sources */ = {isa = PBXBuildFile; fileRef = 338DE71D1D95393200CEC5C0 /* AppDelegate.swift */; };
		338DE7201D95393200CEC5C0 /* ViewController.swift in Sources */ = {isa = PBXBuildFile; fileRef = 338DE71F1D95393200CEC5C0 /* ViewController.swift */; };
		338DE7231D95393200CEC5C0 /* Main.storyboard in Resources */ = {isa = PBXBuildFile; fileRef = 338DE7211D95393200CEC5C0 /* Main.storyboard */; };
		338DE7261D95393200CEC5C0 /* PonoAdventure.xcdatamodeld in Sources */ = {isa = PBXBuildFile; fileRef = 338DE7241D95393200CEC5C0 /* PonoAdventure.xcdatamodeld */; };
		338DE7281D95393200CEC5C0 /* Assets.xcassets in Resources */ = {isa = PBXBuildFile; fileRef = 338DE7271D95393200CEC5C0 /* Assets.xcassets */; };
		338DE72B1D95393200CEC5C0 /* LaunchScreen.storyboard in Resources */ = {isa = PBXBuildFile; fileRef = 338DE7291D95393200CEC5C0 /* LaunchScreen.storyboard */; };
		338DE7361D95393200CEC5C0 /* PonoAdventureTests.swift in Sources */ = {isa = PBXBuildFile; fileRef = 338DE7351D95393200CEC5C0 /* PonoAdventureTests.swift */; };
		338DE7411D95393200CEC5C0 /* PonoAdventureUITests.swift in Sources */ = {isa = PBXBuildFile; fileRef = 338DE7401D95393200CEC5C0 /* PonoAdventureUITests.swift */; };
		33944C481E56321D0048C056 /* NotificationViewController.swift in Sources */ = {isa = PBXBuildFile; fileRef = 33944C471E56321D0048C056 /* NotificationViewController.swift */; };
		33944C4A1E5632910048C056 /* NotificationTableViewCell.swift in Sources */ = {isa = PBXBuildFile; fileRef = 33944C491E5632910048C056 /* NotificationTableViewCell.swift */; };
		3395447F1DF879750079DEA6 /* CoreLocation.framework in Frameworks */ = {isa = PBXBuildFile; fileRef = 3395447E1DF879750079DEA6 /* CoreLocation.framework */; };
		339D66171E1FE4F90065572E /* TabPane.storyboard in Resources */ = {isa = PBXBuildFile; fileRef = 339D66161E1FE4F90065572E /* TabPane.storyboard */; };
		33D0F2251E201B6200DAE925 /* CalenderViewController.swift in Sources */ = {isa = PBXBuildFile; fileRef = 33D0F2241E201B6200DAE925 /* CalenderViewController.swift */; };
		33D0F22A1E203C1500DAE925 /* CalenderCollectionViewCell.swift in Sources */ = {isa = PBXBuildFile; fileRef = 33D0F2291E203C1500DAE925 /* CalenderCollectionViewCell.swift */; };
		33D473FE1E27EF4200BE81C2 /* SignUpViewController.swift in Sources */ = {isa = PBXBuildFile; fileRef = 33D473FD1E27EF4200BE81C2 /* SignUpViewController.swift */; };
		33D474001E27F15C00BE81C2 /* User.swift in Sources */ = {isa = PBXBuildFile; fileRef = 33D473FF1E27F15C00BE81C2 /* User.swift */; };
		33F5830D1E1EF60800DB27B7 /* MapKit.framework in Frameworks */ = {isa = PBXBuildFile; fileRef = 33F5830C1E1EF60800DB27B7 /* MapKit.framework */; };
		33F5830F1E1F020500DB27B7 /* CustomAnnotation.swift in Sources */ = {isa = PBXBuildFile; fileRef = 33F5830E1E1F020500DB27B7 /* CustomAnnotation.swift */; };
		49630BE4FFDCCDD5A90A9A05 /* Pods_PonoAdventure.framework in Frameworks */ = {isa = PBXBuildFile; fileRef = 766D2CEAEEA05D2B7E05E848 /* Pods_PonoAdventure.framework */; };
		8E4900B8A21D1810668B8168 /* Pods_PonoAdventureTests.framework in Frameworks */ = {isa = PBXBuildFile; fileRef = FE6083237B978F9B8B0ED6DC /* Pods_PonoAdventureTests.framework */; };
		EDDFD9492BBB0610F105369C /* Pods_PonoAdventureUITests.framework in Frameworks */ = {isa = PBXBuildFile; fileRef = 462A1B59E116CA5B66B6A30A /* Pods_PonoAdventureUITests.framework */; };
/* End PBXBuildFile section */

/* Begin PBXContainerItemProxy section */
		338DE7321D95393200CEC5C0 /* PBXContainerItemProxy */ = {
			isa = PBXContainerItemProxy;
			containerPortal = 338DE7121D95393200CEC5C0 /* Project object */;
			proxyType = 1;
			remoteGlobalIDString = 338DE7191D95393200CEC5C0;
			remoteInfo = PonoAdventure;
		};
		338DE73D1D95393200CEC5C0 /* PBXContainerItemProxy */ = {
			isa = PBXContainerItemProxy;
			containerPortal = 338DE7121D95393200CEC5C0 /* Project object */;
			proxyType = 1;
			remoteGlobalIDString = 338DE7191D95393200CEC5C0;
			remoteInfo = PonoAdventure;
		};
/* End PBXContainerItemProxy section */

/* Begin PBXFileReference section */
		3321D14C1E2144EC00093F89 /* QuartzCore.framework */ = {isa = PBXFileReference; lastKnownFileType = wrapper.framework; name = QuartzCore.framework; path = System/Library/Frameworks/QuartzCore.framework; sourceTree = SDKROOT; };
		332543171DDF81B20009BDE9 /* Category.swift */ = {isa = PBXFileReference; fileEncoding = 4; lastKnownFileType = sourcecode.swift; path = Category.swift; sourceTree = "<group>"; };
		3325431C1DDF91A90009BDE9 /* WebInterface.swift */ = {isa = PBXFileReference; fileEncoding = 4; lastKnownFileType = sourcecode.swift; path = WebInterface.swift; sourceTree = "<group>"; };
		3325431E1DDF91EC0009BDE9 /* Web.swift */ = {isa = PBXFileReference; fileEncoding = 4; lastKnownFileType = sourcecode.swift; path = Web.swift; sourceTree = "<group>"; };
		333FC26C1E228FA4000F7A08 /* BookingFormViewController.swift */ = {isa = PBXFileReference; fileEncoding = 4; lastKnownFileType = sourcecode.swift; path = BookingFormViewController.swift; sourceTree = "<group>"; };
		333FC26E1E22B8DE000F7A08 /* Accelerate.framework */ = {isa = PBXFileReference; lastKnownFileType = wrapper.framework; name = Accelerate.framework; path = System/Library/Frameworks/Accelerate.framework; sourceTree = SDKROOT; };
		333FC2701E22B8E6000F7A08 /* AVFoundation.framework */ = {isa = PBXFileReference; lastKnownFileType = wrapper.framework; name = AVFoundation.framework; path = System/Library/Frameworks/AVFoundation.framework; sourceTree = SDKROOT; };
		33525F511DBA6A0F00674133 /* RoundedButton.swift */ = {isa = PBXFileReference; fileEncoding = 4; lastKnownFileType = sourcecode.swift; path = RoundedButton.swift; sourceTree = "<group>"; };
		33525F531DBA735500674133 /* ListViewController.swift */ = {isa = PBXFileReference; fileEncoding = 4; lastKnownFileType = sourcecode.swift; path = ListViewController.swift; sourceTree = "<group>"; };
		33525F551DBA7AE300674133 /* PlaceTableViewCell.swift */ = {isa = PBXFileReference; fileEncoding = 4; lastKnownFileType = sourcecode.swift; path = PlaceTableViewCell.swift; sourceTree = "<group>"; };
		33525F571DBA984E00674133 /* Booking.storyboard */ = {isa = PBXFileReference; fileEncoding = 4; lastKnownFileType = file.storyboard; path = Booking.storyboard; sourceTree = "<group>"; };
		3358BE711DBA41EA00A02AA1 /* Login.storyboard */ = {isa = PBXFileReference; fileEncoding = 4; lastKnownFileType = file.storyboard; path = Login.storyboard; sourceTree = "<group>"; };
		3358BE731DBA477F00A02AA1 /* LoginViewController.swift */ = {isa = PBXFileReference; fileEncoding = 4; lastKnownFileType = sourcecode.swift; path = LoginViewController.swift; sourceTree = "<group>"; };
		3358BE751DBA4BA800A02AA1 /* CustomTextField.swift */ = {isa = PBXFileReference; fileEncoding = 4; lastKnownFileType = sourcecode.swift; path = CustomTextField.swift; sourceTree = "<group>"; };
		3358BE771DBA4DF800A02AA1 /* RoundedView.swift */ = {isa = PBXFileReference; fileEncoding = 4; lastKnownFileType = sourcecode.swift; path = RoundedView.swift; sourceTree = "<group>"; };
		335A5C631E56640D001FAE35 /* UserNotifications.framework */ = {isa = PBXFileReference; lastKnownFileType = wrapper.framework; name = UserNotifications.framework; path = System/Library/Frameworks/UserNotifications.framework; sourceTree = SDKROOT; };
		335A5C641E56640D001FAE35 /* UserNotificationsUI.framework */ = {isa = PBXFileReference; lastKnownFileType = wrapper.framework; name = UserNotificationsUI.framework; path = System/Library/Frameworks/UserNotificationsUI.framework; sourceTree = SDKROOT; };
		335AA6611DF7153700F72AE7 /* Place.swift */ = {isa = PBXFileReference; fileEncoding = 4; lastKnownFileType = sourcecode.swift; path = Place.swift; sourceTree = "<group>"; };
		3369CC331DB6BBD40029C1D1 /* CategoryTableViewCell.swift */ = {isa = PBXFileReference; fileEncoding = 4; lastKnownFileType = sourcecode.swift; path = CategoryTableViewCell.swift; sourceTree = "<group>"; };
		3369CC351DB6CC030029C1D1 /* PlaceDetailsViewController.swift */ = {isa = PBXFileReference; fileEncoding = 4; lastKnownFileType = sourcecode.swift; path = PlaceDetailsViewController.swift; sourceTree = "<group>"; };
		33782E2B1E4CEB6200CDA7CD /* SettingsViewController.swift */ = {isa = PBXFileReference; fileEncoding = 4; lastKnownFileType = sourcecode.swift; path = SettingsViewController.swift; sourceTree = "<group>"; };
		338241791E54B3ED002B0161 /* TermsAndConditionsViewController.swift */ = {isa = PBXFileReference; fileEncoding = 4; lastKnownFileType = sourcecode.swift; path = TermsAndConditionsViewController.swift; sourceTree = "<group>"; };
		338DE71A1D95393200CEC5C0 /* PonoAdventure.app */ = {isa = PBXFileReference; explicitFileType = wrapper.application; includeInIndex = 0; path = PonoAdventure.app; sourceTree = BUILT_PRODUCTS_DIR; };
		338DE71D1D95393200CEC5C0 /* AppDelegate.swift */ = {isa = PBXFileReference; lastKnownFileType = sourcecode.swift; path = AppDelegate.swift; sourceTree = "<group>"; };
		338DE71F1D95393200CEC5C0 /* ViewController.swift */ = {isa = PBXFileReference; lastKnownFileType = sourcecode.swift; path = ViewController.swift; sourceTree = "<group>"; };
		338DE7221D95393200CEC5C0 /* Base */ = {isa = PBXFileReference; lastKnownFileType = file.storyboard; name = Base; path = Base.lproj/Main.storyboard; sourceTree = "<group>"; };
		338DE7251D95393200CEC5C0 /* PonoAdventure.xcdatamodel */ = {isa = PBXFileReference; lastKnownFileType = wrapper.xcdatamodel; path = PonoAdventure.xcdatamodel; sourceTree = "<group>"; };
		338DE7271D95393200CEC5C0 /* Assets.xcassets */ = {isa = PBXFileReference; lastKnownFileType = folder.assetcatalog; path = Assets.xcassets; sourceTree = "<group>"; };
		338DE72A1D95393200CEC5C0 /* Base */ = {isa = PBXFileReference; lastKnownFileType = file.storyboard; name = Base; path = Base.lproj/LaunchScreen.storyboard; sourceTree = "<group>"; };
		338DE72C1D95393200CEC5C0 /* Info.plist */ = {isa = PBXFileReference; lastKnownFileType = text.plist.xml; path = Info.plist; sourceTree = "<group>"; };
		338DE7311D95393200CEC5C0 /* PonoAdventureTests.xctest */ = {isa = PBXFileReference; explicitFileType = wrapper.cfbundle; includeInIndex = 0; path = PonoAdventureTests.xctest; sourceTree = BUILT_PRODUCTS_DIR; };
		338DE7351D95393200CEC5C0 /* PonoAdventureTests.swift */ = {isa = PBXFileReference; lastKnownFileType = sourcecode.swift; path = PonoAdventureTests.swift; sourceTree = "<group>"; };
		338DE7371D95393200CEC5C0 /* Info.plist */ = {isa = PBXFileReference; lastKnownFileType = text.plist.xml; path = Info.plist; sourceTree = "<group>"; };
		338DE73C1D95393200CEC5C0 /* PonoAdventureUITests.xctest */ = {isa = PBXFileReference; explicitFileType = wrapper.cfbundle; includeInIndex = 0; path = PonoAdventureUITests.xctest; sourceTree = BUILT_PRODUCTS_DIR; };
		338DE7401D95393200CEC5C0 /* PonoAdventureUITests.swift */ = {isa = PBXFileReference; lastKnownFileType = sourcecode.swift; path = PonoAdventureUITests.swift; sourceTree = "<group>"; };
		338DE7421D95393200CEC5C0 /* Info.plist */ = {isa = PBXFileReference; lastKnownFileType = text.plist.xml; path = Info.plist; sourceTree = "<group>"; };
		33944C471E56321D0048C056 /* NotificationViewController.swift */ = {isa = PBXFileReference; fileEncoding = 4; lastKnownFileType = sourcecode.swift; path = NotificationViewController.swift; sourceTree = "<group>"; };
		33944C491E5632910048C056 /* NotificationTableViewCell.swift */ = {isa = PBXFileReference; fileEncoding = 4; lastKnownFileType = sourcecode.swift; path = NotificationTableViewCell.swift; sourceTree = "<group>"; };
		3395447E1DF879750079DEA6 /* CoreLocation.framework */ = {isa = PBXFileReference; lastKnownFileType = wrapper.framework; name = CoreLocation.framework; path = System/Library/Frameworks/CoreLocation.framework; sourceTree = SDKROOT; };
		339D66161E1FE4F90065572E /* TabPane.storyboard */ = {isa = PBXFileReference; fileEncoding = 4; lastKnownFileType = file.storyboard; path = TabPane.storyboard; sourceTree = "<group>"; };
		33D0F2241E201B6200DAE925 /* CalenderViewController.swift */ = {isa = PBXFileReference; fileEncoding = 4; lastKnownFileType = sourcecode.swift; path = CalenderViewController.swift; sourceTree = "<group>"; };
		33D0F2261E20308800DAE925 /* PonoAdventure-Bridging-Header.h */ = {isa = PBXFileReference; lastKnownFileType = sourcecode.c.h; path = "PonoAdventure-Bridging-Header.h"; sourceTree = "<group>"; };
		33D0F2291E203C1500DAE925 /* CalenderCollectionViewCell.swift */ = {isa = PBXFileReference; fileEncoding = 4; lastKnownFileType = sourcecode.swift; path = CalenderCollectionViewCell.swift; sourceTree = "<group>"; };
		33D473FC1E27BDD500BE81C2 /* PonoAdventure.entitlements */ = {isa = PBXFileReference; lastKnownFileType = text.plist.entitlements; path = PonoAdventure.entitlements; sourceTree = "<group>"; };
		33D473FD1E27EF4200BE81C2 /* SignUpViewController.swift */ = {isa = PBXFileReference; fileEncoding = 4; lastKnownFileType = sourcecode.swift; path = SignUpViewController.swift; sourceTree = "<group>"; };
		33D473FF1E27F15C00BE81C2 /* User.swift */ = {isa = PBXFileReference; fileEncoding = 4; lastKnownFileType = sourcecode.swift; path = User.swift; sourceTree = "<group>"; };
		33F5830C1E1EF60800DB27B7 /* MapKit.framework */ = {isa = PBXFileReference; lastKnownFileType = wrapper.framework; name = MapKit.framework; path = System/Library/Frameworks/MapKit.framework; sourceTree = SDKROOT; };
		33F5830E1E1F020500DB27B7 /* CustomAnnotation.swift */ = {isa = PBXFileReference; fileEncoding = 4; lastKnownFileType = sourcecode.swift; path = CustomAnnotation.swift; sourceTree = "<group>"; };
		3FD81BC21C7637A7AC65E035 /* Pods-PonoAdventureTests.release.xcconfig */ = {isa = PBXFileReference; includeInIndex = 1; lastKnownFileType = text.xcconfig; name = "Pods-PonoAdventureTests.release.xcconfig"; path = "Pods/Target Support Files/Pods-PonoAdventureTests/Pods-PonoAdventureTests.release.xcconfig"; sourceTree = "<group>"; };
		462A1B59E116CA5B66B6A30A /* Pods_PonoAdventureUITests.framework */ = {isa = PBXFileReference; explicitFileType = wrapper.framework; includeInIndex = 0; path = Pods_PonoAdventureUITests.framework; sourceTree = BUILT_PRODUCTS_DIR; };
		4EB1B58902F299CD5C57426D /* Pods-PonoAdventure.release.xcconfig */ = {isa = PBXFileReference; includeInIndex = 1; lastKnownFileType = text.xcconfig; name = "Pods-PonoAdventure.release.xcconfig"; path = "Pods/Target Support Files/Pods-PonoAdventure/Pods-PonoAdventure.release.xcconfig"; sourceTree = "<group>"; };
		63A0E097505A4F89C8F3E017 /* Pods-PonoAdventureUITests.debug.xcconfig */ = {isa = PBXFileReference; includeInIndex = 1; lastKnownFileType = text.xcconfig; name = "Pods-PonoAdventureUITests.debug.xcconfig"; path = "Pods/Target Support Files/Pods-PonoAdventureUITests/Pods-PonoAdventureUITests.debug.xcconfig"; sourceTree = "<group>"; };
		766D2CEAEEA05D2B7E05E848 /* Pods_PonoAdventure.framework */ = {isa = PBXFileReference; explicitFileType = wrapper.framework; includeInIndex = 0; path = Pods_PonoAdventure.framework; sourceTree = BUILT_PRODUCTS_DIR; };
		985C63B0EAAC42310E3E5E76 /* Pods-PonoAdventureTests.debug.xcconfig */ = {isa = PBXFileReference; includeInIndex = 1; lastKnownFileType = text.xcconfig; name = "Pods-PonoAdventureTests.debug.xcconfig"; path = "Pods/Target Support Files/Pods-PonoAdventureTests/Pods-PonoAdventureTests.debug.xcconfig"; sourceTree = "<group>"; };
		ACBEF132709D64C30CCF2F50 /* Pods-PonoAdventureUITests.release.xcconfig */ = {isa = PBXFileReference; includeInIndex = 1; lastKnownFileType = text.xcconfig; name = "Pods-PonoAdventureUITests.release.xcconfig"; path = "Pods/Target Support Files/Pods-PonoAdventureUITests/Pods-PonoAdventureUITests.release.xcconfig"; sourceTree = "<group>"; };
		C349916F470E19AD36559DA1 /* Pods-PonoAdventure.debug.xcconfig */ = {isa = PBXFileReference; includeInIndex = 1; lastKnownFileType = text.xcconfig; name = "Pods-PonoAdventure.debug.xcconfig"; path = "Pods/Target Support Files/Pods-PonoAdventure/Pods-PonoAdventure.debug.xcconfig"; sourceTree = "<group>"; };
		FE6083237B978F9B8B0ED6DC /* Pods_PonoAdventureTests.framework */ = {isa = PBXFileReference; explicitFileType = wrapper.framework; includeInIndex = 0; path = Pods_PonoAdventureTests.framework; sourceTree = BUILT_PRODUCTS_DIR; };
/* End PBXFileReference section */

/* Begin PBXFrameworksBuildPhase section */
		338DE7171D95393200CEC5C0 /* Frameworks */ = {
			isa = PBXFrameworksBuildPhase;
			buildActionMask = 2147483647;
			files = (
				335A5C651E56640D001FAE35 /* UserNotifications.framework in Frameworks */,
				335A5C661E56640D001FAE35 /* UserNotificationsUI.framework in Frameworks */,
				3321D14D1E2144EC00093F89 /* QuartzCore.framework in Frameworks */,
				33F5830D1E1EF60800DB27B7 /* MapKit.framework in Frameworks */,
				3395447F1DF879750079DEA6 /* CoreLocation.framework in Frameworks */,
				49630BE4FFDCCDD5A90A9A05 /* Pods_PonoAdventure.framework in Frameworks */,
			);
			runOnlyForDeploymentPostprocessing = 0;
		};
		338DE72E1D95393200CEC5C0 /* Frameworks */ = {
			isa = PBXFrameworksBuildPhase;
			buildActionMask = 2147483647;
			files = (
				8E4900B8A21D1810668B8168 /* Pods_PonoAdventureTests.framework in Frameworks */,
			);
			runOnlyForDeploymentPostprocessing = 0;
		};
		338DE7391D95393200CEC5C0 /* Frameworks */ = {
			isa = PBXFrameworksBuildPhase;
			buildActionMask = 2147483647;
			files = (
				EDDFD9492BBB0610F105369C /* Pods_PonoAdventureUITests.framework in Frameworks */,
			);
			runOnlyForDeploymentPostprocessing = 0;
		};
/* End PBXFrameworksBuildPhase section */

/* Begin PBXGroup section */
		3317AEEC1E5712C10016451B /* CoreData */ = {
			isa = PBXGroup;
			children = (
				338DE7241D95393200CEC5C0 /* PonoAdventure.xcdatamodeld */,
			);
			name = CoreData;
			sourceTree = "<group>";
		};
		3321D14E1E216E0E00093F89 /* ViewControllers */ = {
			isa = PBXGroup;
			children = (
				338DE71F1D95393200CEC5C0 /* ViewController.swift */,
				3369CC351DB6CC030029C1D1 /* PlaceDetailsViewController.swift */,
				3358BE731DBA477F00A02AA1 /* LoginViewController.swift */,
				33525F531DBA735500674133 /* ListViewController.swift */,
				33D0F2241E201B6200DAE925 /* CalenderViewController.swift */,
				333FC26C1E228FA4000F7A08 /* BookingFormViewController.swift */,
				33D473FD1E27EF4200BE81C2 /* SignUpViewController.swift */,
				33782E2B1E4CEB6200CDA7CD /* SettingsViewController.swift */,
				338241791E54B3ED002B0161 /* TermsAndConditionsViewController.swift */,
				33944C471E56321D0048C056 /* NotificationViewController.swift */,
			);
			name = ViewControllers;
			sourceTree = "<group>";
		};
		3321D14F1E216E2400093F89 /* Cells */ = {
			isa = PBXGroup;
			children = (
				3369CC331DB6BBD40029C1D1 /* CategoryTableViewCell.swift */,
				33525F551DBA7AE300674133 /* PlaceTableViewCell.swift */,
				33D0F2291E203C1500DAE925 /* CalenderCollectionViewCell.swift */,
				33944C491E5632910048C056 /* NotificationTableViewCell.swift */,
			);
			name = Cells;
			sourceTree = "<group>";
		};
		332543161DDF81780009BDE9 /* Models */ = {
			isa = PBXGroup;
			children = (
				332543171DDF81B20009BDE9 /* Category.swift */,
				335AA6611DF7153700F72AE7 /* Place.swift */,
				33D473FF1E27F15C00BE81C2 /* User.swift */,
			);
			name = Models;
			sourceTree = "<group>";
		};
		332543191DDF8D6B0009BDE9 /* lib */ = {
			isa = PBXGroup;
			children = (
				3325431C1DDF91A90009BDE9 /* WebInterface.swift */,
				3325431E1DDF91EC0009BDE9 /* Web.swift */,
				33F5830E1E1F020500DB27B7 /* CustomAnnotation.swift */,
				3358BE751DBA4BA800A02AA1 /* CustomTextField.swift */,
				3358BE771DBA4DF800A02AA1 /* RoundedView.swift */,
				33525F511DBA6A0F00674133 /* RoundedButton.swift */,
			);
			name = lib;
			sourceTree = "<group>";
		};
		338DE7111D95393200CEC5C0 = {
			isa = PBXGroup;
			children = (
				338DE71C1D95393200CEC5C0 /* PonoAdventure */,
				338DE7341D95393200CEC5C0 /* PonoAdventureTests */,
				338DE73F1D95393200CEC5C0 /* PonoAdventureUITests */,
				338DE71B1D95393200CEC5C0 /* Products */,
				AD3D4A28757D09EF0DF9EE48 /* Pods */,
				C7CAF4953AB9A638C528A841 /* Frameworks */,
			);
			sourceTree = "<group>";
		};
		338DE71B1D95393200CEC5C0 /* Products */ = {
			isa = PBXGroup;
			children = (
				338DE71A1D95393200CEC5C0 /* PonoAdventure.app */,
				338DE7311D95393200CEC5C0 /* PonoAdventureTests.xctest */,
				338DE73C1D95393200CEC5C0 /* PonoAdventureUITests.xctest */,
			);
			name = Products;
			sourceTree = "<group>";
		};
		338DE71C1D95393200CEC5C0 /* PonoAdventure */ = {
			isa = PBXGroup;
			children = (
				33D473FC1E27BDD500BE81C2 /* PonoAdventure.entitlements */,
				338DE71D1D95393200CEC5C0 /* AppDelegate.swift */,
				339D66181E1FE77E0065572E /* Storyboards */,
				332543191DDF8D6B0009BDE9 /* lib */,
				332543161DDF81780009BDE9 /* Models */,
				3321D14F1E216E2400093F89 /* Cells */,
				3321D14E1E216E0E00093F89 /* ViewControllers */,
				338DE7271D95393200CEC5C0 /* Assets.xcassets */,
				338DE72C1D95393200CEC5C0 /* Info.plist */,
				3317AEEC1E5712C10016451B /* CoreData */,
				33D0F2261E20308800DAE925 /* PonoAdventure-Bridging-Header.h */,
			);
			path = PonoAdventure;
			sourceTree = "<group>";
		};
		338DE7341D95393200CEC5C0 /* PonoAdventureTests */ = {
			isa = PBXGroup;
			children = (
				338DE7351D95393200CEC5C0 /* PonoAdventureTests.swift */,
				338DE7371D95393200CEC5C0 /* Info.plist */,
			);
			path = PonoAdventureTests;
			sourceTree = "<group>";
		};
		338DE73F1D95393200CEC5C0 /* PonoAdventureUITests */ = {
			isa = PBXGroup;
			children = (
				338DE7401D95393200CEC5C0 /* PonoAdventureUITests.swift */,
				338DE7421D95393200CEC5C0 /* Info.plist */,
			);
			path = PonoAdventureUITests;
			sourceTree = "<group>";
		};
		339D66181E1FE77E0065572E /* Storyboards */ = {
			isa = PBXGroup;
			children = (
				338DE7211D95393200CEC5C0 /* Main.storyboard */,
				338DE7291D95393200CEC5C0 /* LaunchScreen.storyboard */,
				3358BE711DBA41EA00A02AA1 /* Login.storyboard */,
				33525F571DBA984E00674133 /* Booking.storyboard */,
				339D66161E1FE4F90065572E /* TabPane.storyboard */,
			);
			name = Storyboards;
			sourceTree = "<group>";
		};
		AD3D4A28757D09EF0DF9EE48 /* Pods */ = {
			isa = PBXGroup;
			children = (
				C349916F470E19AD36559DA1 /* Pods-PonoAdventure.debug.xcconfig */,
				4EB1B58902F299CD5C57426D /* Pods-PonoAdventure.release.xcconfig */,
				985C63B0EAAC42310E3E5E76 /* Pods-PonoAdventureTests.debug.xcconfig */,
				3FD81BC21C7637A7AC65E035 /* Pods-PonoAdventureTests.release.xcconfig */,
				63A0E097505A4F89C8F3E017 /* Pods-PonoAdventureUITests.debug.xcconfig */,
				ACBEF132709D64C30CCF2F50 /* Pods-PonoAdventureUITests.release.xcconfig */,
			);
			name = Pods;
			sourceTree = "<group>";
		};
		C7CAF4953AB9A638C528A841 /* Frameworks */ = {
			isa = PBXGroup;
			children = (
				335A5C631E56640D001FAE35 /* UserNotifications.framework */,
				335A5C641E56640D001FAE35 /* UserNotificationsUI.framework */,
				333FC2701E22B8E6000F7A08 /* AVFoundation.framework */,
				333FC26E1E22B8DE000F7A08 /* Accelerate.framework */,
				3321D14C1E2144EC00093F89 /* QuartzCore.framework */,
				33F5830C1E1EF60800DB27B7 /* MapKit.framework */,
				3395447E1DF879750079DEA6 /* CoreLocation.framework */,
				766D2CEAEEA05D2B7E05E848 /* Pods_PonoAdventure.framework */,
				FE6083237B978F9B8B0ED6DC /* Pods_PonoAdventureTests.framework */,
				462A1B59E116CA5B66B6A30A /* Pods_PonoAdventureUITests.framework */,
			);
			name = Frameworks;
			sourceTree = "<group>";
		};
/* End PBXGroup section */

/* Begin PBXNativeTarget section */
		338DE7191D95393200CEC5C0 /* PonoAdventure */ = {
			isa = PBXNativeTarget;
			buildConfigurationList = 338DE7451D95393200CEC5C0 /* Build configuration list for PBXNativeTarget "PonoAdventure" */;
			buildPhases = (
				B92A7DEEF85755A0B9269558 /* [CP] Check Pods Manifest.lock */,
				338DE7161D95393200CEC5C0 /* Sources */,
				338DE7171D95393200CEC5C0 /* Frameworks */,
				338DE7181D95393200CEC5C0 /* Resources */,
				7CA5515FF8468E8ACD6BFEBF /* [CP] Embed Pods Frameworks */,
				24B1A449A7FB432ACA935A58 /* [CP] Copy Pods Resources */,
			);
			buildRules = (
			);
			dependencies = (
			);
			name = PonoAdventure;
			productName = PonoAdventure;
			productReference = 338DE71A1D95393200CEC5C0 /* PonoAdventure.app */;
			productType = "com.apple.product-type.application";
		};
		338DE7301D95393200CEC5C0 /* PonoAdventureTests */ = {
			isa = PBXNativeTarget;
			buildConfigurationList = 338DE7481D95393200CEC5C0 /* Build configuration list for PBXNativeTarget "PonoAdventureTests" */;
			buildPhases = (
				92A3362555A1AB1135C54270 /* [CP] Check Pods Manifest.lock */,
				338DE72D1D95393200CEC5C0 /* Sources */,
				338DE72E1D95393200CEC5C0 /* Frameworks */,
				338DE72F1D95393200CEC5C0 /* Resources */,
				A076F43B3F1513AF33424F41 /* [CP] Embed Pods Frameworks */,
				5DB1844EFDAC8330FD83DF20 /* [CP] Copy Pods Resources */,
			);
			buildRules = (
			);
			dependencies = (
				338DE7331D95393200CEC5C0 /* PBXTargetDependency */,
			);
			name = PonoAdventureTests;
			productName = PonoAdventureTests;
			productReference = 338DE7311D95393200CEC5C0 /* PonoAdventureTests.xctest */;
			productType = "com.apple.product-type.bundle.unit-test";
		};
		338DE73B1D95393200CEC5C0 /* PonoAdventureUITests */ = {
			isa = PBXNativeTarget;
			buildConfigurationList = 338DE74B1D95393200CEC5C0 /* Build configuration list for PBXNativeTarget "PonoAdventureUITests" */;
			buildPhases = (
				32401A8A9CF109BD9CBD0CBE /* [CP] Check Pods Manifest.lock */,
				338DE7381D95393200CEC5C0 /* Sources */,
				338DE7391D95393200CEC5C0 /* Frameworks */,
				338DE73A1D95393200CEC5C0 /* Resources */,
				B52470C17F93D187BCBBAC47 /* [CP] Copy Pods Resources */,
			);
			buildRules = (
			);
			dependencies = (
				338DE73E1D95393200CEC5C0 /* PBXTargetDependency */,
			);
			name = PonoAdventureUITests;
			productName = PonoAdventureUITests;
			productReference = 338DE73C1D95393200CEC5C0 /* PonoAdventureUITests.xctest */;
			productType = "com.apple.product-type.bundle.ui-testing";
		};
/* End PBXNativeTarget section */

/* Begin PBXProject section */
		338DE7121D95393200CEC5C0 /* Project object */ = {
			isa = PBXProject;
			attributes = {
				LastSwiftUpdateCheck = 0800;
				LastUpgradeCheck = 0820;
				ORGANIZATIONNAME = Agileinf;
				TargetAttributes = {
					338DE7191D95393200CEC5C0 = {
						CreatedOnToolsVersion = 8.0;
						DevelopmentTeam = T329N89WGK;
						LastSwiftMigration = 0820;
						ProvisioningStyle = Manual;
						SystemCapabilities = {
							com.apple.BackgroundModes = {
								enabled = 1;
							};
							com.apple.Push = {
								enabled = 1;
							};
						};
					};
					338DE7301D95393200CEC5C0 = {
						CreatedOnToolsVersion = 8.0;
						LastSwiftMigration = 0810;
						ProvisioningStyle = Automatic;
						TestTargetID = 338DE7191D95393200CEC5C0;
					};
					338DE73B1D95393200CEC5C0 = {
						CreatedOnToolsVersion = 8.0;
						LastSwiftMigration = 0810;
						ProvisioningStyle = Automatic;
						TestTargetID = 338DE7191D95393200CEC5C0;
					};
				};
			};
			buildConfigurationList = 338DE7151D95393200CEC5C0 /* Build configuration list for PBXProject "PonoAdventure" */;
			compatibilityVersion = "Xcode 3.2";
			developmentRegion = English;
			hasScannedForEncodings = 0;
			knownRegions = (
				en,
				Base,
			);
			mainGroup = 338DE7111D95393200CEC5C0;
			productRefGroup = 338DE71B1D95393200CEC5C0 /* Products */;
			projectDirPath = "";
			projectRoot = "";
			targets = (
				338DE7191D95393200CEC5C0 /* PonoAdventure */,
				338DE7301D95393200CEC5C0 /* PonoAdventureTests */,
				338DE73B1D95393200CEC5C0 /* PonoAdventureUITests */,
			);
		};
/* End PBXProject section */

/* Begin PBXResourcesBuildPhase section */
		338DE7181D95393200CEC5C0 /* Resources */ = {
			isa = PBXResourcesBuildPhase;
			buildActionMask = 2147483647;
			files = (
				3358BE721DBA41EA00A02AA1 /* Login.storyboard in Resources */,
				33525F581DBA984E00674133 /* Booking.storyboard in Resources */,
				338DE72B1D95393200CEC5C0 /* LaunchScreen.storyboard in Resources */,
				338DE7281D95393200CEC5C0 /* Assets.xcassets in Resources */,
				339D66171E1FE4F90065572E /* TabPane.storyboard in Resources */,
				338DE7231D95393200CEC5C0 /* Main.storyboard in Resources */,
			);
			runOnlyForDeploymentPostprocessing = 0;
		};
		338DE72F1D95393200CEC5C0 /* Resources */ = {
			isa = PBXResourcesBuildPhase;
			buildActionMask = 2147483647;
			files = (
			);
			runOnlyForDeploymentPostprocessing = 0;
		};
		338DE73A1D95393200CEC5C0 /* Resources */ = {
			isa = PBXResourcesBuildPhase;
			buildActionMask = 2147483647;
			files = (
			);
			runOnlyForDeploymentPostprocessing = 0;
		};
/* End PBXResourcesBuildPhase section */

/* Begin PBXShellScriptBuildPhase section */
		24B1A449A7FB432ACA935A58 /* [CP] Copy Pods Resources */ = {
			isa = PBXShellScriptBuildPhase;
			buildActionMask = 2147483647;
			files = (
			);
			inputPaths = (
			);
			name = "[CP] Copy Pods Resources";
			outputPaths = (
			);
			runOnlyForDeploymentPostprocessing = 0;
			shellPath = /bin/sh;
			shellScript = "\"${SRCROOT}/Pods/Target Support Files/Pods-PonoAdventure/Pods-PonoAdventure-resources.sh\"\n";
			showEnvVarsInLog = 0;
		};
		32401A8A9CF109BD9CBD0CBE /* [CP] Check Pods Manifest.lock */ = {
			isa = PBXShellScriptBuildPhase;
			buildActionMask = 2147483647;
			files = (
			);
			inputPaths = (
			);
			name = "[CP] Check Pods Manifest.lock";
			outputPaths = (
			);
			runOnlyForDeploymentPostprocessing = 0;
			shellPath = /bin/sh;
			shellScript = "diff \"${PODS_ROOT}/../Podfile.lock\" \"${PODS_ROOT}/Manifest.lock\" > /dev/null\nif [[ $? != 0 ]] ; then\n    cat << EOM\nerror: The sandbox is not in sync with the Podfile.lock. Run 'pod install' or update your CocoaPods installation.\nEOM\n    exit 1\nfi\n";
			showEnvVarsInLog = 0;
		};
		5DB1844EFDAC8330FD83DF20 /* [CP] Copy Pods Resources */ = {
			isa = PBXShellScriptBuildPhase;
			buildActionMask = 2147483647;
			files = (
			);
			inputPaths = (
			);
			name = "[CP] Copy Pods Resources";
			outputPaths = (
			);
			runOnlyForDeploymentPostprocessing = 0;
			shellPath = /bin/sh;
			shellScript = "\"${SRCROOT}/Pods/Target Support Files/Pods-PonoAdventureTests/Pods-PonoAdventureTests-resources.sh\"\n";
			showEnvVarsInLog = 0;
		};
		7CA5515FF8468E8ACD6BFEBF /* [CP] Embed Pods Frameworks */ = {
			isa = PBXShellScriptBuildPhase;
			buildActionMask = 2147483647;
			files = (
			);
			inputPaths = (
			);
			name = "[CP] Embed Pods Frameworks";
			outputPaths = (
			);
			runOnlyForDeploymentPostprocessing = 0;
			shellPath = /bin/sh;
			shellScript = "\"${SRCROOT}/Pods/Target Support Files/Pods-PonoAdventure/Pods-PonoAdventure-frameworks.sh\"\n";
			showEnvVarsInLog = 0;
		};
		92A3362555A1AB1135C54270 /* [CP] Check Pods Manifest.lock */ = {
			isa = PBXShellScriptBuildPhase;
			buildActionMask = 2147483647;
			files = (
			);
			inputPaths = (
			);
			name = "[CP] Check Pods Manifest.lock";
			outputPaths = (
			);
			runOnlyForDeploymentPostprocessing = 0;
			shellPath = /bin/sh;
			shellScript = "diff \"${PODS_ROOT}/../Podfile.lock\" \"${PODS_ROOT}/Manifest.lock\" > /dev/null\nif [[ $? != 0 ]] ; then\n    cat << EOM\nerror: The sandbox is not in sync with the Podfile.lock. Run 'pod install' or update your CocoaPods installation.\nEOM\n    exit 1\nfi\n";
			showEnvVarsInLog = 0;
		};
		A076F43B3F1513AF33424F41 /* [CP] Embed Pods Frameworks */ = {
			isa = PBXShellScriptBuildPhase;
			buildActionMask = 2147483647;
			files = (
			);
			inputPaths = (
			);
			name = "[CP] Embed Pods Frameworks";
			outputPaths = (
			);
			runOnlyForDeploymentPostprocessing = 0;
			shellPath = /bin/sh;
			shellScript = "\"${SRCROOT}/Pods/Target Support Files/Pods-PonoAdventureTests/Pods-PonoAdventureTests-frameworks.sh\"\n";
			showEnvVarsInLog = 0;
		};
		B52470C17F93D187BCBBAC47 /* [CP] Copy Pods Resources */ = {
			isa = PBXShellScriptBuildPhase;
			buildActionMask = 2147483647;
			files = (
			);
			inputPaths = (
			);
			name = "[CP] Copy Pods Resources";
			outputPaths = (
			);
			runOnlyForDeploymentPostprocessing = 0;
			shellPath = /bin/sh;
			shellScript = "\"${SRCROOT}/Pods/Target Support Files/Pods-PonoAdventureUITests/Pods-PonoAdventureUITests-resources.sh\"\n";
			showEnvVarsInLog = 0;
		};
		B92A7DEEF85755A0B9269558 /* [CP] Check Pods Manifest.lock */ = {
			isa = PBXShellScriptBuildPhase;
			buildActionMask = 2147483647;
			files = (
			);
			inputPaths = (
			);
			name = "[CP] Check Pods Manifest.lock";
			outputPaths = (
			);
			runOnlyForDeploymentPostprocessing = 0;
			shellPath = /bin/sh;
			shellScript = "diff \"${PODS_ROOT}/../Podfile.lock\" \"${PODS_ROOT}/Manifest.lock\" > /dev/null\nif [[ $? != 0 ]] ; then\n    cat << EOM\nerror: The sandbox is not in sync with the Podfile.lock. Run 'pod install' or update your CocoaPods installation.\nEOM\n    exit 1\nfi\n";
			showEnvVarsInLog = 0;
		};
/* End PBXShellScriptBuildPhase section */

/* Begin PBXSourcesBuildPhase section */
		338DE7161D95393200CEC5C0 /* Sources */ = {
			isa = PBXSourcesBuildPhase;
			buildActionMask = 2147483647;
			files = (
				3358BE781DBA4DF800A02AA1 /* RoundedView.swift in Sources */,
				33944C4A1E5632910048C056 /* NotificationTableViewCell.swift in Sources */,
				3358BE761DBA4BA800A02AA1 /* CustomTextField.swift in Sources */,
				33944C481E56321D0048C056 /* NotificationViewController.swift in Sources */,
				3358BE741DBA477F00A02AA1 /* LoginViewController.swift in Sources */,
				3382417A1E54B3ED002B0161 /* TermsAndConditionsViewController.swift in Sources */,
				33D0F2251E201B6200DAE925 /* CalenderViewController.swift in Sources */,
				338DE7201D95393200CEC5C0 /* ViewController.swift in Sources */,
				333FC26D1E228FA4000F7A08 /* BookingFormViewController.swift in Sources */,
				33525F521DBA6A0F00674133 /* RoundedButton.swift in Sources */,
				33D0F22A1E203C1500DAE925 /* CalenderCollectionViewCell.swift in Sources */,
				33525F561DBA7AE300674133 /* PlaceTableViewCell.swift in Sources */,
				3325431F1DDF91EC0009BDE9 /* Web.swift in Sources */,
				33F5830F1E1F020500DB27B7 /* CustomAnnotation.swift in Sources */,
				3369CC361DB6CC030029C1D1 /* PlaceDetailsViewController.swift in Sources */,
				338DE71E1D95393200CEC5C0 /* AppDelegate.swift in Sources */,
				33782E2C1E4CEB6200CDA7CD /* SettingsViewController.swift in Sources */,
				335AA6621DF7153700F72AE7 /* Place.swift in Sources */,
				33D473FE1E27EF4200BE81C2 /* SignUpViewController.swift in Sources */,
				3325431D1DDF91A90009BDE9 /* WebInterface.swift in Sources */,
				338DE7261D95393200CEC5C0 /* PonoAdventure.xcdatamodeld in Sources */,
				33525F541DBA735500674133 /* ListViewController.swift in Sources */,
				3369CC341DB6BBD40029C1D1 /* CategoryTableViewCell.swift in Sources */,
				332543181DDF81B20009BDE9 /* Category.swift in Sources */,
				33D474001E27F15C00BE81C2 /* User.swift in Sources */,
			);
			runOnlyForDeploymentPostprocessing = 0;
		};
		338DE72D1D95393200CEC5C0 /* Sources */ = {
			isa = PBXSourcesBuildPhase;
			buildActionMask = 2147483647;
			files = (
				338DE7361D95393200CEC5C0 /* PonoAdventureTests.swift in Sources */,
			);
			runOnlyForDeploymentPostprocessing = 0;
		};
		338DE7381D95393200CEC5C0 /* Sources */ = {
			isa = PBXSourcesBuildPhase;
			buildActionMask = 2147483647;
			files = (
				338DE7411D95393200CEC5C0 /* PonoAdventureUITests.swift in Sources */,
			);
			runOnlyForDeploymentPostprocessing = 0;
		};
/* End PBXSourcesBuildPhase section */

/* Begin PBXTargetDependency section */
		338DE7331D95393200CEC5C0 /* PBXTargetDependency */ = {
			isa = PBXTargetDependency;
			target = 338DE7191D95393200CEC5C0 /* PonoAdventure */;
			targetProxy = 338DE7321D95393200CEC5C0 /* PBXContainerItemProxy */;
		};
		338DE73E1D95393200CEC5C0 /* PBXTargetDependency */ = {
			isa = PBXTargetDependency;
			target = 338DE7191D95393200CEC5C0 /* PonoAdventure */;
			targetProxy = 338DE73D1D95393200CEC5C0 /* PBXContainerItemProxy */;
		};
/* End PBXTargetDependency section */

/* Begin PBXVariantGroup section */
		338DE7211D95393200CEC5C0 /* Main.storyboard */ = {
			isa = PBXVariantGroup;
			children = (
				338DE7221D95393200CEC5C0 /* Base */,
			);
			name = Main.storyboard;
			sourceTree = "<group>";
		};
		338DE7291D95393200CEC5C0 /* LaunchScreen.storyboard */ = {
			isa = PBXVariantGroup;
			children = (
				338DE72A1D95393200CEC5C0 /* Base */,
			);
			name = LaunchScreen.storyboard;
			sourceTree = "<group>";
		};
/* End PBXVariantGroup section */

/* Begin XCBuildConfiguration section */
		338DE7431D95393200CEC5C0 /* Debug */ = {
			isa = XCBuildConfiguration;
			buildSettings = {
				ALWAYS_SEARCH_USER_PATHS = NO;
				CLANG_ANALYZER_NONNULL = YES;
				CLANG_CXX_LANGUAGE_STANDARD = "gnu++0x";
				CLANG_CXX_LIBRARY = "libc++";
				CLANG_ENABLE_MODULES = YES;
				CLANG_ENABLE_OBJC_ARC = YES;
				CLANG_WARN_BOOL_CONVERSION = YES;
				CLANG_WARN_CONSTANT_CONVERSION = YES;
				CLANG_WARN_DIRECT_OBJC_ISA_USAGE = YES_ERROR;
				CLANG_WARN_DOCUMENTATION_COMMENTS = YES;
				CLANG_WARN_EMPTY_BODY = YES;
				CLANG_WARN_ENUM_CONVERSION = YES;
				CLANG_WARN_INFINITE_RECURSION = YES;
				CLANG_WARN_INT_CONVERSION = YES;
				CLANG_WARN_OBJC_ROOT_CLASS = YES_ERROR;
				CLANG_WARN_SUSPICIOUS_MOVE = YES;
				CLANG_WARN_SUSPICIOUS_MOVES = YES;
				CLANG_WARN_UNREACHABLE_CODE = YES;
				CLANG_WARN__DUPLICATE_METHOD_MATCH = YES;
				"CODE_SIGN_IDENTITY[sdk=iphoneos*]" = "iPhone Developer";
				COPY_PHASE_STRIP = NO;
				DEBUG_INFORMATION_FORMAT = dwarf;
				ENABLE_STRICT_OBJC_MSGSEND = YES;
				ENABLE_TESTABILITY = YES;
				GCC_C_LANGUAGE_STANDARD = gnu99;
				GCC_DYNAMIC_NO_PIC = NO;
				GCC_NO_COMMON_BLOCKS = YES;
				GCC_OPTIMIZATION_LEVEL = 0;
				GCC_PREPROCESSOR_DEFINITIONS = (
					"DEBUG=1",
					"$(inherited)",
				);
				GCC_WARN_64_TO_32_BIT_CONVERSION = YES;
				GCC_WARN_ABOUT_RETURN_TYPE = YES_ERROR;
				GCC_WARN_UNDECLARED_SELECTOR = YES;
				GCC_WARN_UNINITIALIZED_AUTOS = YES_AGGRESSIVE;
				GCC_WARN_UNUSED_FUNCTION = YES;
				GCC_WARN_UNUSED_VARIABLE = YES;
				IPHONEOS_DEPLOYMENT_TARGET = 10.0;
				MTL_ENABLE_DEBUG_INFO = YES;
				ONLY_ACTIVE_ARCH = YES;
				SDKROOT = iphoneos;
				SWIFT_ACTIVE_COMPILATION_CONDITIONS = DEBUG;
				SWIFT_OPTIMIZATION_LEVEL = "-Onone";
				TARGETED_DEVICE_FAMILY = "1,2";
			};
			name = Debug;
		};
		338DE7441D95393200CEC5C0 /* Release */ = {
			isa = XCBuildConfiguration;
			buildSettings = {
				ALWAYS_SEARCH_USER_PATHS = NO;
				CLANG_ANALYZER_NONNULL = YES;
				CLANG_CXX_LANGUAGE_STANDARD = "gnu++0x";
				CLANG_CXX_LIBRARY = "libc++";
				CLANG_ENABLE_MODULES = YES;
				CLANG_ENABLE_OBJC_ARC = YES;
				CLANG_WARN_BOOL_CONVERSION = YES;
				CLANG_WARN_CONSTANT_CONVERSION = YES;
				CLANG_WARN_DIRECT_OBJC_ISA_USAGE = YES_ERROR;
				CLANG_WARN_DOCUMENTATION_COMMENTS = YES;
				CLANG_WARN_EMPTY_BODY = YES;
				CLANG_WARN_ENUM_CONVERSION = YES;
				CLANG_WARN_INFINITE_RECURSION = YES;
				CLANG_WARN_INT_CONVERSION = YES;
				CLANG_WARN_OBJC_ROOT_CLASS = YES_ERROR;
				CLANG_WARN_SUSPICIOUS_MOVE = YES;
				CLANG_WARN_SUSPICIOUS_MOVES = YES;
				CLANG_WARN_UNREACHABLE_CODE = YES;
				CLANG_WARN__DUPLICATE_METHOD_MATCH = YES;
				"CODE_SIGN_IDENTITY[sdk=iphoneos*]" = "iPhone Developer";
				COPY_PHASE_STRIP = NO;
				DEBUG_INFORMATION_FORMAT = "dwarf-with-dsym";
				ENABLE_NS_ASSERTIONS = NO;
				ENABLE_STRICT_OBJC_MSGSEND = YES;
				GCC_C_LANGUAGE_STANDARD = gnu99;
				GCC_NO_COMMON_BLOCKS = YES;
				GCC_WARN_64_TO_32_BIT_CONVERSION = YES;
				GCC_WARN_ABOUT_RETURN_TYPE = YES_ERROR;
				GCC_WARN_UNDECLARED_SELECTOR = YES;
				GCC_WARN_UNINITIALIZED_AUTOS = YES_AGGRESSIVE;
				GCC_WARN_UNUSED_FUNCTION = YES;
				GCC_WARN_UNUSED_VARIABLE = YES;
				IPHONEOS_DEPLOYMENT_TARGET = 10.0;
				MTL_ENABLE_DEBUG_INFO = NO;
				SDKROOT = iphoneos;
				SWIFT_OPTIMIZATION_LEVEL = "-Owholemodule";
				TARGETED_DEVICE_FAMILY = "1,2";
				VALIDATE_PRODUCT = YES;
			};
			name = Release;
		};
		338DE7461D95393200CEC5C0 /* Debug */ = {
			isa = XCBuildConfiguration;
			baseConfigurationReference = C349916F470E19AD36559DA1 /* Pods-PonoAdventure.debug.xcconfig */;
			buildSettings = {
				ALWAYS_EMBED_SWIFT_STANDARD_LIBRARIES = YES;
				ASSETCATALOG_COMPILER_APPICON_NAME = AppIcon;
				CLANG_ENABLE_MODULES = YES;
				CODE_SIGN_ENTITLEMENTS = PonoAdventure/PonoAdventure.entitlements;
				CODE_SIGN_IDENTITY = "iPhone Developer";
				"CODE_SIGN_IDENTITY[sdk=iphoneos*]" = "iPhone Developer";
				DEVELOPMENT_TEAM = T329N89WGK;
				INFOPLIST_FILE = PonoAdventure/Info.plist;
				IPHONEOS_DEPLOYMENT_TARGET = 10.0;
				LD_RUNPATH_SEARCH_PATHS = "$(inherited) @executable_path/Frameworks";
				PRODUCT_BUNDLE_IDENTIFIER = com.ai.ponoadventure;
				PRODUCT_NAME = "$(TARGET_NAME)";
				PROVISIONING_PROFILE = "3c1b2093-f36a-4b7e-9350-bf5556007359";
				PROVISIONING_PROFILE_SPECIFIER = PONO_DEV;
				SWIFT_OBJC_BRIDGING_HEADER = "PonoAdventure/PonoAdventure-Bridging-Header.h";
				SWIFT_OPTIMIZATION_LEVEL = "-Onone";
				SWIFT_VERSION = 3.0;
				TARGETED_DEVICE_FAMILY = 1;
			};
			name = Debug;
		};
		338DE7471D95393200CEC5C0 /* Release */ = {
			isa = XCBuildConfiguration;
			baseConfigurationReference = 4EB1B58902F299CD5C57426D /* Pods-PonoAdventure.release.xcconfig */;
			buildSettings = {
				ALWAYS_EMBED_SWIFT_STANDARD_LIBRARIES = YES;
				ASSETCATALOG_COMPILER_APPICON_NAME = AppIcon;
				CLANG_ENABLE_MODULES = YES;
				CODE_SIGN_ENTITLEMENTS = PonoAdventure/PonoAdventure.entitlements;
				CODE_SIGN_IDENTITY = "iPhone Distribution";
				"CODE_SIGN_IDENTITY[sdk=iphoneos*]" = "iPhone Developer";
				DEVELOPMENT_TEAM = T329N89WGK;
				INFOPLIST_FILE = PonoAdventure/Info.plist;
				IPHONEOS_DEPLOYMENT_TARGET = 10.0;
				LD_RUNPATH_SEARCH_PATHS = "$(inherited) @executable_path/Frameworks";
				PRODUCT_BUNDLE_IDENTIFIER = com.ai.ponoadventure;
				PRODUCT_NAME = "$(TARGET_NAME)";
				PROVISIONING_PROFILE = "3c1b2093-f36a-4b7e-9350-bf5556007359";
				PROVISIONING_PROFILE_SPECIFIER = PONO_DEV;
				SWIFT_OBJC_BRIDGING_HEADER = "PonoAdventure/PonoAdventure-Bridging-Header.h";
				SWIFT_VERSION = 3.0;
				TARGETED_DEVICE_FAMILY = 1;
			};
			name = Release;
		};
		338DE7491D95393200CEC5C0 /* Debug */ = {
			isa = XCBuildConfiguration;
			baseConfigurationReference = 985C63B0EAAC42310E3E5E76 /* Pods-PonoAdventureTests.debug.xcconfig */;
			buildSettings = {
				ALWAYS_EMBED_SWIFT_STANDARD_LIBRARIES = YES;
				BUNDLE_LOADER = "$(TEST_HOST)";
				INFOPLIST_FILE = PonoAdventureTests/Info.plist;
				LD_RUNPATH_SEARCH_PATHS = "$(inherited) @executable_path/Frameworks @loader_path/Frameworks";
				PRODUCT_BUNDLE_IDENTIFIER = com.ai.PonoAdventureTests;
				PRODUCT_NAME = "$(TARGET_NAME)";
				SWIFT_VERSION = 3.0;
				TEST_HOST = "$(BUILT_PRODUCTS_DIR)/PonoAdventure.app/PonoAdventure";
			};
			name = Debug;
		};
		338DE74A1D95393200CEC5C0 /* Release */ = {
			isa = XCBuildConfiguration;
			baseConfigurationReference = 3FD81BC21C7637A7AC65E035 /* Pods-PonoAdventureTests.release.xcconfig */;
			buildSettings = {
				ALWAYS_EMBED_SWIFT_STANDARD_LIBRARIES = YES;
				BUNDLE_LOADER = "$(TEST_HOST)";
				INFOPLIST_FILE = PonoAdventureTests/Info.plist;
				LD_RUNPATH_SEARCH_PATHS = "$(inherited) @executable_path/Frameworks @loader_path/Frameworks";
				PRODUCT_BUNDLE_IDENTIFIER = com.ai.PonoAdventureTests;
				PRODUCT_NAME = "$(TARGET_NAME)";
				SWIFT_VERSION = 3.0;
				TEST_HOST = "$(BUILT_PRODUCTS_DIR)/PonoAdventure.app/PonoAdventure";
			};
			name = Release;
		};
		338DE74C1D95393200CEC5C0 /* Debug */ = {
			isa = XCBuildConfiguration;
			baseConfigurationReference = 63A0E097505A4F89C8F3E017 /* Pods-PonoAdventureUITests.debug.xcconfig */;
			buildSettings = {
				ALWAYS_EMBED_SWIFT_STANDARD_LIBRARIES = YES;
				INFOPLIST_FILE = PonoAdventureUITests/Info.plist;
				LD_RUNPATH_SEARCH_PATHS = "$(inherited) @executable_path/Frameworks @loader_path/Frameworks";
				PRODUCT_BUNDLE_IDENTIFIER = com.ai.PonoAdventureUITests;
				PRODUCT_NAME = "$(TARGET_NAME)";
				SWIFT_VERSION = 3.0;
				TEST_TARGET_NAME = PonoAdventure;
			};
			name = Debug;
		};
		338DE74D1D95393200CEC5C0 /* Release */ = {
			isa = XCBuildConfiguration;
			baseConfigurationReference = ACBEF132709D64C30CCF2F50 /* Pods-PonoAdventureUITests.release.xcconfig */;
			buildSettings = {
				ALWAYS_EMBED_SWIFT_STANDARD_LIBRARIES = YES;
				INFOPLIST_FILE = PonoAdventureUITests/Info.plist;
				LD_RUNPATH_SEARCH_PATHS = "$(inherited) @executable_path/Frameworks @loader_path/Frameworks";
				PRODUCT_BUNDLE_IDENTIFIER = com.ai.PonoAdventureUITests;
				PRODUCT_NAME = "$(TARGET_NAME)";
				SWIFT_VERSION = 3.0;
				TEST_TARGET_NAME = PonoAdventure;
			};
			name = Release;
		};
/* End XCBuildConfiguration section */

/* Begin XCConfigurationList section */
		338DE7151D95393200CEC5C0 /* Build configuration list for PBXProject "PonoAdventure" */ = {
			isa = XCConfigurationList;
			buildConfigurations = (
				338DE7431D95393200CEC5C0 /* Debug */,
				338DE7441D95393200CEC5C0 /* Release */,
			);
			defaultConfigurationIsVisible = 0;
			defaultConfigurationName = Release;
		};
		338DE7451D95393200CEC5C0 /* Build configuration list for PBXNativeTarget "PonoAdventure" */ = {
			isa = XCConfigurationList;
			buildConfigurations = (
				338DE7461D95393200CEC5C0 /* Debug */,
				338DE7471D95393200CEC5C0 /* Release */,
			);
			defaultConfigurationIsVisible = 0;
			defaultConfigurationName = Release;
		};
		338DE7481D95393200CEC5C0 /* Build configuration list for PBXNativeTarget "PonoAdventureTests" */ = {
			isa = XCConfigurationList;
			buildConfigurations = (
				338DE7491D95393200CEC5C0 /* Debug */,
				338DE74A1D95393200CEC5C0 /* Release */,
			);
			defaultConfigurationIsVisible = 0;
			defaultConfigurationName = Release;
		};
		338DE74B1D95393200CEC5C0 /* Build configuration list for PBXNativeTarget "PonoAdventureUITests" */ = {
			isa = XCConfigurationList;
			buildConfigurations = (
				338DE74C1D95393200CEC5C0 /* Debug */,
				338DE74D1D95393200CEC5C0 /* Release */,
			);
			defaultConfigurationIsVisible = 0;
			defaultConfigurationName = Release;
		};
/* End XCConfigurationList section */

/* Begin XCVersionGroup section */
		338DE7241D95393200CEC5C0 /* PonoAdventure.xcdatamodeld */ = {
			isa = XCVersionGroup;
			children = (
				338DE7251D95393200CEC5C0 /* PonoAdventure.xcdatamodel */,
			);
			currentVersion = 338DE7251D95393200CEC5C0 /* PonoAdventure.xcdatamodel */;
			path = PonoAdventure.xcdatamodeld;
			sourceTree = "<group>";
			versionGroupType = wrapper.xcdatamodel;
		};
/* End XCVersionGroup section */
	};
	rootObject = 338DE7121D95393200CEC5C0 /* Project object */;
}
